
Microsoft Visual Studio Solution File, Format Version 12.00
# Visual Studio Version 17
VisualStudioVersion = 17.3.32825.248
MinimumVisualStudioVersion = 10.0.40219.1
Project("{9A19103F-16F7-4668-BE54-9A1E7A4F7556}") = "HonkService.Api", "HonkService.Api\HonkService.Api.csproj", "{C7636B69-69E7-4D6B-B703-31AB51DC5AC7}"
EndProject
Project("{9A19103F-16F7-4668-BE54-9A1E7A4F7556}") = "HonkService.Infrastructure", "HonkService.Infrastructure\HonkService.Infrastructure.csproj", "{04571038-1B6F-491C-908F-C15A48F43309}"
EndProject
Project("{9A19103F-16F7-4668-BE54-9A1E7A4F7556}") = "HonkService.Application", "HonkService.Application\HonkService.Application.csproj", "{33F49AB6-DB06-4CE3-B670-F6DA30720CF5}"
EndProject
Project("{9A19103F-16F7-4668-BE54-9A1E7A4F7556}") = "HonkService.Domain", "HonkService.Domain\HonkService.Domain.csproj", "{973C8849-9091-4AB7-AAED-049536061AB2}"
EndProject
Project("{FAE04EC0-301F-11D3-BF4B-00C04F79EFBC}") = "HonkService.Tests", "HonkService.Tests\HonkService.Tests.csproj", "{CBA2D0EE-BD0D-4BDD-B276-31518D705CF9}"
EndProject
Global
	GlobalSection(SolutionConfigurationPlatforms) = preSolution
		Debug|Any CPU = Debug|Any CPU
		Release|Any CPU = Release|Any CPU
	EndGlobalSection
	GlobalSection(ProjectConfigurationPlatforms) = postSolution
		{C7636B69-69E7-4D6B-B703-31AB51DC5AC7}.Debug|Any CPU.ActiveCfg = Debug|Any CPU
		{C7636B69-69E7-4D6B-B703-31AB51DC5AC7}.Debug|Any CPU.Build.0 = Debug|Any CPU
		{C7636B69-69E7-4D6B-B703-31AB51DC5AC7}.Release|Any CPU.ActiveCfg = Release|Any CPU
		{C7636B69-69E7-4D6B-B703-31AB51DC5AC7}.Release|Any CPU.Build.0 = Release|Any CPU
		{04571038-1B6F-491C-908F-C15A48F43309}.Debug|Any CPU.ActiveCfg = Debug|Any CPU
		{04571038-1B6F-491C-908F-C15A48F43309}.Debug|Any CPU.Build.0 = Debug|Any CPU
		{04571038-1B6F-491C-908F-C15A48F43309}.Release|Any CPU.ActiveCfg = Release|Any CPU
		{04571038-1B6F-491C-908F-C15A48F43309}.Release|Any CPU.Build.0 = Release|Any CPU
		{33F49AB6-DB06-4CE3-B670-F6DA30720CF5}.Debug|Any CPU.ActiveCfg = Debug|Any CPU
		{33F49AB6-DB06-4CE3-B670-F6DA30720CF5}.Debug|Any CPU.Build.0 = Debug|Any CPU
		{33F49AB6-DB06-4CE3-B670-F6DA30720CF5}.Release|Any CPU.ActiveCfg = Release|Any CPU
		{33F49AB6-DB06-4CE3-B670-F6DA30720CF5}.Release|Any CPU.Build.0 = Release|Any CPU
		{973C8849-9091-4AB7-AAED-049536061AB2}.Debug|Any CPU.ActiveCfg = Debug|Any CPU
		{973C8849-9091-4AB7-AAED-049536061AB2}.Debug|Any CPU.Build.0 = Debug|Any CPU
		{973C8849-9091-4AB7-AAED-049536061AB2}.Release|Any CPU.ActiveCfg = Release|Any CPU
		{973C8849-9091-4AB7-AAED-049536061AB2}.Release|Any CPU.Build.0 = Release|Any CPU
		{CBA2D0EE-BD0D-4BDD-B276-31518D705CF9}.Debug|Any CPU.ActiveCfg = Debug|Any CPU
		{CBA2D0EE-BD0D-4BDD-B276-31518D705CF9}.Debug|Any CPU.Build.0 = Debug|Any CPU
		{CBA2D0EE-BD0D-4BDD-B276-31518D705CF9}.Release|Any CPU.ActiveCfg = Release|Any CPU
		{CBA2D0EE-BD0D-4BDD-B276-31518D705CF9}.Release|Any CPU.Build.0 = Release|Any CPU
	EndGlobalSection
	GlobalSection(SolutionProperties) = preSolution
		HideSolutionNode = FALSE
	EndGlobalSection
	GlobalSection(ExtensibilityGlobals) = postSolution
		SolutionGuid = {700884E6-9F55-4C32-AFDB-18BC5DAAEE4D}
	EndGlobalSection
EndGlobal
